
Microsoft Visual Studio Solution File, Format Version 12.00
# Visual Studio Version 16
VisualStudioVersion = 16.0.29709.97
MinimumVisualStudioVersion = 10.0.40219.1
Project("{FAE04EC0-301F-11D3-BF4B-00C04F79EFBC}") = "Arrays_Paula", "Arrays_Paula.csproj", "{10DF1573-C998-4EE8-9974-CCF41A1075AE}"
EndProject
Global
	GlobalSection(SolutionConfigurationPlatforms) = preSolution
		Debug|Any CPU = Debug|Any CPU
		Release|Any CPU = Release|Any CPU
	EndGlobalSection
	GlobalSection(ProjectConfigurationPlatforms) = postSolution
		{10DF1573-C998-4EE8-9974-CCF41A1075AE}.Debug|Any CPU.ActiveCfg = Debug|Any CPU
		{10DF1573-C998-4EE8-9974-CCF41A1075AE}.Debug|Any CPU.Build.0 = Debug|Any CPU
		{10DF1573-C998-4EE8-9974-CCF41A1075AE}.Release|Any CPU.ActiveCfg = Release|Any CPU
		{10DF1573-C998-4EE8-9974-CCF41A1075AE}.Release|Any CPU.Build.0 = Release|Any CPU
	EndGlobalSection
	GlobalSection(SolutionProperties) = preSolution
		HideSolutionNode = FALSE
	EndGlobalSection
	GlobalSection(ExtensibilityGlobals) = postSolution
		SolutionGuid = {C69CD838-AD0A-4317-941B-55D8DD46136B}
	EndGlobalSection
EndGlobal
